
Microsoft Visual Studio Solution File, Format Version 12.00
# Visual Studio 15
VisualStudioVersion = 15.0.28010.2048
MinimumVisualStudioVersion = 10.0.40219.1
Project("{FAE04EC0-301F-11D3-BF4B-00C04F79EFBC}") = "Task3", "Task3\Task3.csproj", "{982B121B-D306-4327-8FE3-04EB46C8D417}"
EndProject
Project("{FAE04EC0-301F-11D3-BF4B-00C04F79EFBC}") = "OrderLib", "OrderLib\OrderLib.csproj", "{71622913-F99C-4B9B-9F42-A68508FA0A29}"
EndProject
Project("{FAE04EC0-301F-11D3-BF4B-00C04F79EFBC}") = "SushiTestProj", "SushiTestProj\SushiTestProj.csproj", "{1817A59F-A670-4B8E-8C5D-1C9FA3C6CD63}"
EndProject
Global
	GlobalSection(SolutionConfigurationPlatforms) = preSolution
		Debug|Any CPU = Debug|Any CPU
		Release|Any CPU = Release|Any CPU
	EndGlobalSection
	GlobalSection(ProjectConfigurationPlatforms) = postSolution
		{982B121B-D306-4327-8FE3-04EB46C8D417}.Debug|Any CPU.ActiveCfg = Debug|Any CPU
		{982B121B-D306-4327-8FE3-04EB46C8D417}.Debug|Any CPU.Build.0 = Debug|Any CPU
		{982B121B-D306-4327-8FE3-04EB46C8D417}.Release|Any CPU.ActiveCfg = Release|Any CPU
		{982B121B-D306-4327-8FE3-04EB46C8D417}.Release|Any CPU.Build.0 = Release|Any CPU
		{71622913-F99C-4B9B-9F42-A68508FA0A29}.Debug|Any CPU.ActiveCfg = Debug|Any CPU
		{71622913-F99C-4B9B-9F42-A68508FA0A29}.Debug|Any CPU.Build.0 = Debug|Any CPU
		{71622913-F99C-4B9B-9F42-A68508FA0A29}.Release|Any CPU.ActiveCfg = Release|Any CPU
		{71622913-F99C-4B9B-9F42-A68508FA0A29}.Release|Any CPU.Build.0 = Release|Any CPU
		{1817A59F-A670-4B8E-8C5D-1C9FA3C6CD63}.Debug|Any CPU.ActiveCfg = Debug|Any CPU
		{1817A59F-A670-4B8E-8C5D-1C9FA3C6CD63}.Debug|Any CPU.Build.0 = Debug|Any CPU
		{1817A59F-A670-4B8E-8C5D-1C9FA3C6CD63}.Release|Any CPU.ActiveCfg = Release|Any CPU
		{1817A59F-A670-4B8E-8C5D-1C9FA3C6CD63}.Release|Any CPU.Build.0 = Release|Any CPU
	EndGlobalSection
	GlobalSection(SolutionProperties) = preSolution
		HideSolutionNode = FALSE
	EndGlobalSection
	GlobalSection(ExtensibilityGlobals) = postSolution
		SolutionGuid = {3DE4E1E8-B66C-40BA-BEDD-E33C9BC6052E}
	EndGlobalSection
EndGlobal
